// !$*UTF8*$!
{
	archiveVersion = 1;
	classes = {
	};
	objectVersion = 48;
	objects = {

/* Begin PBXBuildFile section */
		18C3281820070C5800A20761 /* AppDelegate.m in Sources */ = {isa = PBXBuildFile; fileRef = 18C3281720070C5800A20761 /* AppDelegate.m */; };
		18C3281B20070C5800A20761 /* ViewController.m in Sources */ = {isa = PBXBuildFile; fileRef = 18C3281A20070C5800A20761 /* ViewController.m */; };
		18C3281E20070C5800A20761 /* Main.storyboard in Resources */ = {isa = PBXBuildFile; fileRef = 18C3281C20070C5800A20761 /* Main.storyboard */; };
		18C3282020070C5800A20761 /* Assets.xcassets in Resources */ = {isa = PBXBuildFile; fileRef = 18C3281F20070C5800A20761 /* Assets.xcassets */; };
		18C3282320070C5800A20761 /* LaunchScreen.storyboard in Resources */ = {isa = PBXBuildFile; fileRef = 18C3282120070C5800A20761 /* LaunchScreen.storyboard */; };
		18C3282620070C5800A20761 /* main.m in Sources */ = {isa = PBXBuildFile; fileRef = 18C3282520070C5800A20761 /* main.m */; };
		18C3283020070C5800A20761 /* navBarTestTests.m in Sources */ = {isa = PBXBuildFile; fileRef = 18C3282F20070C5800A20761 /* navBarTestTests.m */; };
		18C3283B20070C5800A20761 /* navBarTestUITests.m in Sources */ = {isa = PBXBuildFile; fileRef = 18C3283A20070C5800A20761 /* navBarTestUITests.m */; };
		18C3284A20070CE200A20761 /* UINavigationBar+Awesome.m in Sources */ = {isa = PBXBuildFile; fileRef = 18C3284920070CE200A20761 /* UINavigationBar+Awesome.m */; };
		18C3284D20070D9500A20761 /* BViewController.m in Sources */ = {isa = PBXBuildFile; fileRef = 18C3284C20070D9500A20761 /* BViewController.m */; };
/* End PBXBuildFile section */

/* Begin PBXContainerItemProxy section */
		18C3282C20070C5800A20761 /* PBXContainerItemProxy */ = {
			isa = PBXContainerItemProxy;
			containerPortal = 18C3280B20070C5800A20761 /* Project object */;
			proxyType = 1;
			remoteGlobalIDString = 18C3281220070C5800A20761;
			remoteInfo = navBarTest;
		};
		18C3283720070C5800A20761 /* PBXContainerItemProxy */ = {
			isa = PBXContainerItemProxy;
			containerPortal = 18C3280B20070C5800A20761 /* Project object */;
			proxyType = 1;
			remoteGlobalIDString = 18C3281220070C5800A20761;
			remoteInfo = navBarTest;
		};
/* End PBXContainerItemProxy section */

/* Begin PBXFileReference section */
		18C3281320070C5800A20761 /* navBarTest.app */ = {isa = PBXFileReference; explicitFileType = wrapper.application; includeInIndex = 0; path = navBarTest.app; sourceTree = BUILT_PRODUCTS_DIR; };
		18C3281620070C5800A20761 /* AppDelegate.h */ = {isa = PBXFileReference; lastKnownFileType = sourcecode.c.h; path = AppDelegate.h; sourceTree = "<group>"; };
		18C3281720070C5800A20761 /* AppDelegate.m */ = {isa = PBXFileReference; lastKnownFileType = sourcecode.c.objc; path = AppDelegate.m; sourceTree = "<group>"; };
		18C3281920070C5800A20761 /* ViewController.h */ = {isa = PBXFileReference; lastKnownFileType = sourcecode.c.h; path = ViewController.h; sourceTree = "<group>"; };
		18C3281A20070C5800A20761 /* ViewController.m */ = {isa = PBXFileReference; lastKnownFileType = sourcecode.c.objc; path = ViewController.m; sourceTree = "<group>"; };
		18C3281D20070C5800A20761 /* Base */ = {isa = PBXFileReference; lastKnownFileType = file.storyboard; name = Base; path = Base.lproj/Main.storyboard; sourceTree = "<group>"; };
		18C3281F20070C5800A20761 /* Assets.xcassets */ = {isa = PBXFileReference; lastKnownFileType = folder.assetcatalog; path = Assets.xcassets; sourceTree = "<group>"; };
		18C3282220070C5800A20761 /* Base */ = {isa = PBXFileReference; lastKnownFileType = file.storyboard; name = Base; path = Base.lproj/LaunchScreen.storyboard; sourceTree = "<group>"; };
		18C3282420070C5800A20761 /* Info.plist */ = {isa = PBXFileReference; lastKnownFileType = text.plist.xml; path = Info.plist; sourceTree = "<group>"; };
		18C3282520070C5800A20761 /* main.m */ = {isa = PBXFileReference; lastKnownFileType = sourcecode.c.objc; path = main.m; sourceTree = "<group>"; };
		18C3282B20070C5800A20761 /* navBarTestTests.xctest */ = {isa = PBXFileReference; explicitFileType = wrapper.cfbundle; includeInIndex = 0; path = navBarTestTests.xctest; sourceTree = BUILT_PRODUCTS_DIR; };
		18C3282F20070C5800A20761 /* navBarTestTests.m */ = {isa = PBXFileReference; lastKnownFileType = sourcecode.c.objc; path = navBarTestTests.m; sourceTree = "<group>"; };
		18C3283120070C5800A20761 /* Info.plist */ = {isa = PBXFileReference; lastKnownFileType = text.plist.xml; path = Info.plist; sourceTree = "<group>"; };
		18C3283620070C5800A20761 /* navBarTestUITests.xctest */ = {isa = PBXFileReference; explicitFileType = wrapper.cfbundle; includeInIndex = 0; path = navBarTestUITests.xctest; sourceTree = BUILT_PRODUCTS_DIR; };
		18C3283A20070C5800A20761 /* navBarTestUITests.m */ = {isa = PBXFileReference; lastKnownFileType = sourcecode.c.objc; path = navBarTestUITests.m; sourceTree = "<group>"; };
		18C3283C20070C5800A20761 /* Info.plist */ = {isa = PBXFileReference; lastKnownFileType = text.plist.xml; path = Info.plist; sourceTree = "<group>"; };
		18C3284820070CE200A20761 /* UINavigationBar+Awesome.h */ = {isa = PBXFileReference; fileEncoding = 4; lastKnownFileType = sourcecode.c.h; path = "UINavigationBar+Awesome.h"; sourceTree = "<group>"; };
		18C3284920070CE200A20761 /* UINavigationBar+Awesome.m */ = {isa = PBXFileReference; fileEncoding = 4; lastKnownFileType = sourcecode.c.objc; path = "UINavigationBar+Awesome.m"; sourceTree = "<group>"; };
		18C3284B20070D9500A20761 /* BViewController.h */ = {isa = PBXFileReference; lastKnownFileType = sourcecode.c.h; path = BViewController.h; sourceTree = "<group>"; };
		18C3284C20070D9500A20761 /* BViewController.m */ = {isa = PBXFileReference; lastKnownFileType = sourcecode.c.objc; path = BViewController.m; sourceTree = "<group>"; };
/* End PBXFileReference section */

/* Begin PBXFrameworksBuildPhase section */
		18C3281020070C5800A20761 /* Frameworks */ = {
			isa = PBXFrameworksBuildPhase;
			buildActionMask = 2147483647;
			files = (
			);
			runOnlyForDeploymentPostprocessing = 0;
		};
		18C3282820070C5800A20761 /* Frameworks */ = {
			isa = PBXFrameworksBuildPhase;
			buildActionMask = 2147483647;
			files = (
			);
			runOnlyForDeploymentPostprocessing = 0;
		};
		18C3283320070C5800A20761 /* Frameworks */ = {
			isa = PBXFrameworksBuildPhase;
			buildActionMask = 2147483647;
			files = (
			);
			runOnlyForDeploymentPostprocessing = 0;
		};
/* End PBXFrameworksBuildPhase section */

/* Begin PBXGroup section */
		18C3280A20070C5800A20761 = {
			isa = PBXGroup;
			children = (
				18C3281520070C5800A20761 /* navBarTest */,
				18C3282E20070C5800A20761 /* navBarTestTests */,
				18C3283920070C5800A20761 /* navBarTestUITests */,
				18C3281420070C5800A20761 /* Products */,
			);
			sourceTree = "<group>";
		};
		18C3281420070C5800A20761 /* Products */ = {
			isa = PBXGroup;
			children = (
				18C3281320070C5800A20761 /* navBarTest.app */,
				18C3282B20070C5800A20761 /* navBarTestTests.xctest */,
				18C3283620070C5800A20761 /* navBarTestUITests.xctest */,
			);
			name = Products;
			sourceTree = "<group>";
		};
		18C3281520070C5800A20761 /* navBarTest */ = {
			isa = PBXGroup;
			children = (
				18C3284B20070D9500A20761 /* BViewController.h */,
				18C3284C20070D9500A20761 /* BViewController.m */,
				18C3284820070CE200A20761 /* UINavigationBar+Awesome.h */,
				18C3284920070CE200A20761 /* UINavigationBar+Awesome.m */,
				18C3281620070C5800A20761 /* AppDelegate.h */,
				18C3281720070C5800A20761 /* AppDelegate.m */,
				18C3281920070C5800A20761 /* ViewController.h */,
				18C3281A20070C5800A20761 /* ViewController.m */,
				18C3281C20070C5800A20761 /* Main.storyboard */,
				18C3281F20070C5800A20761 /* Assets.xcassets */,
				18C3282120070C5800A20761 /* LaunchScreen.storyboard */,
				18C3282420070C5800A20761 /* Info.plist */,
				18C3282520070C5800A20761 /* main.m */,
			);
			path = navBarTest;
			sourceTree = "<group>";
		};
		18C3282E20070C5800A20761 /* navBarTestTests */ = {
			isa = PBXGroup;
			children = (
				18C3282F20070C5800A20761 /* navBarTestTests.m */,
				18C3283120070C5800A20761 /* Info.plist */,
			);
			path = navBarTestTests;
			sourceTree = "<group>";
		};
		18C3283920070C5800A20761 /* navBarTestUITests */ = {
			isa = PBXGroup;
			children = (
				18C3283A20070C5800A20761 /* navBarTestUITests.m */,
				18C3283C20070C5800A20761 /* Info.plist */,
			);
			path = navBarTestUITests;
			sourceTree = "<group>";
		};
/* End PBXGroup section */

/* Begin PBXNativeTarget section */
		18C3281220070C5800A20761 /* navBarTest */ = {
			isa = PBXNativeTarget;
			buildConfigurationList = 18C3283F20070C5800A20761 /* Build configuration list for PBXNativeTarget "navBarTest" */;
			buildPhases = (
				18C3280F20070C5800A20761 /* Sources */,
				18C3281020070C5800A20761 /* Frameworks */,
				18C3281120070C5800A20761 /* Resources */,
			);
			buildRules = (
			);
			dependencies = (
			);
			name = navBarTest;
			productName = navBarTest;
			productReference = 18C3281320070C5800A20761 /* navBarTest.app */;
			productType = "com.apple.product-type.application";
		};
		18C3282A20070C5800A20761 /* navBarTestTests */ = {
			isa = PBXNativeTarget;
			buildConfigurationList = 18C3284220070C5800A20761 /* Build configuration list for PBXNativeTarget "navBarTestTests" */;
			buildPhases = (
				18C3282720070C5800A20761 /* Sources */,
				18C3282820070C5800A20761 /* Frameworks */,
				18C3282920070C5800A20761 /* Resources */,
			);
			buildRules = (
			);
			dependencies = (
				18C3282D20070C5800A20761 /* PBXTargetDependency */,
			);
			name = navBarTestTests;
			productName = navBarTestTests;
			productReference = 18C3282B20070C5800A20761 /* navBarTestTests.xctest */;
			productType = "com.apple.product-type.bundle.unit-test";
		};
		18C3283520070C5800A20761 /* navBarTestUITests */ = {
			isa = PBXNativeTarget;
			buildConfigurationList = 18C3284520070C5800A20761 /* Build configuration list for PBXNativeTarget "navBarTestUITests" */;
			buildPhases = (
				18C3283220070C5800A20761 /* Sources */,
				18C3283320070C5800A20761 /* Frameworks */,
				18C3283420070C5800A20761 /* Resources */,
			);
			buildRules = (
			);
			dependencies = (
				18C3283820070C5800A20761 /* PBXTargetDependency */,
			);
			name = navBarTestUITests;
			productName = navBarTestUITests;
			productReference = 18C3283620070C5800A20761 /* navBarTestUITests.xctest */;
			productType = "com.apple.product-type.bundle.ui-testing";
		};
/* End PBXNativeTarget section */

/* Begin PBXProject section */
		18C3280B20070C5800A20761 /* Project object */ = {
			isa = PBXProject;
			attributes = {
				LastUpgradeCheck = 0920;
				ORGANIZATIONNAME = dahuoshi;
				TargetAttributes = {
					18C3281220070C5800A20761 = {
						CreatedOnToolsVersion = 9.2;
						ProvisioningStyle = Automatic;
					};
					18C3282A20070C5800A20761 = {
						CreatedOnToolsVersion = 9.2;
						ProvisioningStyle = Automatic;
						TestTargetID = 18C3281220070C5800A20761;
					};
					18C3283520070C5800A20761 = {
						CreatedOnToolsVersion = 9.2;
						ProvisioningStyle = Automatic;
						TestTargetID = 18C3281220070C5800A20761;
					};
				};
			};
			buildConfigurationList = 18C3280E20070C5800A20761 /* Build configuration list for PBXProject "navBarTest" */;
			compatibilityVersion = "Xcode 8.0";
			developmentRegion = en;
			hasScannedForEncodings = 0;
			knownRegions = (
				en,
				Base,
			);
			mainGroup = 18C3280A20070C5800A20761;
			productRefGroup = 18C3281420070C5800A20761 /* Products */;
			projectDirPath = "";
			projectRoot = "";
			targets = (
				18C3281220070C5800A20761 /* navBarTest */,
				18C3282A20070C5800A20761 /* navBarTestTests */,
				18C3283520070C5800A20761 /* navBarTestUITests */,
			);
		};
/* End PBXProject section */

/* Begin PBXResourcesBuildPhase section */
		18C3281120070C5800A20761 /* Resources */ = {
			isa = PBXResourcesBuildPhase;
			buildActionMask = 2147483647;
			files = (
				18C3282320070C5800A20761 /* LaunchScreen.storyboard in Resources */,
				18C3282020070C5800A20761 /* Assets.xcassets in Resources */,
				18C3281E20070C5800A20761 /* Main.storyboard in Resources */,
			);
			runOnlyForDeploymentPostprocessing = 0;
		};
		18C3282920070C5800A20761 /* Resources */ = {
			isa = PBXResourcesBuildPhase;
			buildActionMask = 2147483647;
			files = (
			);
			runOnlyForDeploymentPostprocessing = 0;
		};
		18C3283420070C5800A20761 /* Resources */ = {
			isa = PBXResourcesBuildPhase;
			buildActionMask = 2147483647;
			files = (
			);
			runOnlyForDeploymentPostprocessing = 0;
		};
/* End PBXResourcesBuildPhase section */

/* Begin PBXSourcesBuildPhase section */
		18C3280F20070C5800A20761 /* Sources */ = {
			isa = PBXSourcesBuildPhase;
			buildActionMask = 2147483647;
			files = (
				18C3281B20070C5800A20761 /* ViewController.m in Sources */,
				18C3282620070C5800A20761 /* main.m in Sources */,
				18C3281820070C5800A20761 /* AppDelegate.m in Sources */,
				18C3284D20070D9500A20761 /* BViewController.m in Sources */,
				18C3284A20070CE200A20761 /* UINavigationBar+Awesome.m in Sources */,
			);
			runOnlyForDeploymentPostprocessing = 0;
		};
		18C3282720070C5800A20761 /* Sources */ = {
			isa = PBXSourcesBuildPhase;
			buildActionMask = 2147483647;
			files = (
				18C3283020070C5800A20761 /* navBarTestTests.m in Sources */,
			);
			runOnlyForDeploymentPostprocessing = 0;
		};
		18C3283220070C5800A20761 /* Sources */ = {
			isa = PBXSourcesBuildPhase;
			buildActionMask = 2147483647;
			files = (
				18C3283B20070C5800A20761 /* navBarTestUITests.m in Sources */,
			);
			runOnlyForDeploymentPostprocessing = 0;
		};
/* End PBXSourcesBuildPhase section */

/* Begin PBXTargetDependency section */
		18C3282D20070C5800A20761 /* PBXTargetDependency */ = {
			isa = PBXTargetDependency;
			target = 18C3281220070C5800A20761 /* navBarTest */;
			targetProxy = 18C3282C20070C5800A20761 /* PBXContainerItemProxy */;
		};
		18C3283820070C5800A20761 /* PBXTargetDependency */ = {
			isa = PBXTargetDependency;
			target = 18C3281220070C5800A20761 /* navBarTest */;
			targetProxy = 18C3283720070C5800A20761 /* PBXContainerItemProxy */;
		};
/* End PBXTargetDependency section */

/* Begin PBXVariantGroup section */
		18C3281C20070C5800A20761 /* Main.storyboard */ = {
			isa = PBXVariantGroup;
			children = (
				18C3281D20070C5800A20761 /* Base */,
			);
			name = Main.storyboard;
			sourceTree = "<group>";
		};
		18C3282120070C5800A20761 /* LaunchScreen.storyboard */ = {
			isa = PBXVariantGroup;
			children = (
				18C3282220070C5800A20761 /* Base */,
			);
			name = LaunchScreen.storyboard;
			sourceTree = "<group>";
		};
/* End PBXVariantGroup section */

/* Begin XCBuildConfiguration section */
		18C3283D20070C5800A20761 /* Debug */ = {
			isa = XCBuildConfiguration;
			buildSettings = {
				ALWAYS_SEARCH_USER_PATHS = NO;
				CLANG_ANALYZER_NONNULL = YES;
				CLANG_ANALYZER_NUMBER_OBJECT_CONVERSION = YES_AGGRESSIVE;
				CLANG_CXX_LANGUAGE_STANDARD = "gnu++14";
				CLANG_CXX_LIBRARY = "libc++";
				CLANG_ENABLE_MODULES = YES;
				CLANG_ENABLE_OBJC_ARC = YES;
				CLANG_WARN_BLOCK_CAPTURE_AUTORELEASING = YES;
				CLANG_WARN_BOOL_CONVERSION = YES;
				CLANG_WARN_COMMA = YES;
				CLANG_WARN_CONSTANT_CONVERSION = YES;
				CLANG_WARN_DIRECT_OBJC_ISA_USAGE = YES_ERROR;
				CLANG_WARN_DOCUMENTATION_COMMENTS = YES;
				CLANG_WARN_EMPTY_BODY = YES;
				CLANG_WARN_ENUM_CONVERSION = YES;
				CLANG_WARN_INFINITE_RECURSION = YES;
				CLANG_WARN_INT_CONVERSION = YES;
				CLANG_WARN_NON_LITERAL_NULL_CONVERSION = YES;
				CLANG_WARN_OBJC_LITERAL_CONVERSION = YES;
				CLANG_WARN_OBJC_ROOT_CLASS = YES_ERROR;
				CLANG_WARN_RANGE_LOOP_ANALYSIS = YES;
				CLANG_WARN_STRICT_PROTOTYPES = YES;
				CLANG_WARN_SUSPICIOUS_MOVE = YES;
				CLANG_WARN_UNGUARDED_AVAILABILITY = YES_AGGRESSIVE;
				CLANG_WARN_UNREACHABLE_CODE = YES;
				CLANG_WARN__DUPLICATE_METHOD_MATCH = YES;
				CODE_SIGN_IDENTITY = "iPhone Developer";
				COPY_PHASE_STRIP = NO;
				DEBUG_INFORMATION_FORMAT = dwarf;
				ENABLE_STRICT_OBJC_MSGSEND = YES;
				ENABLE_TESTABILITY = YES;
				GCC_C_LANGUAGE_STANDARD = gnu11;
				GCC_DYNAMIC_NO_PIC = NO;
				GCC_NO_COMMON_BLOCKS = YES;
				GCC_OPTIMIZATION_LEVEL = 0;
				GCC_PREPROCESSOR_DEFINITIONS = (
					"DEBUG=1",
					"$(inherited)",
				);
				GCC_WARN_64_TO_32_BIT_CONVERSION = YES;
				GCC_WARN_ABOUT_RETURN_TYPE = YES_ERROR;
				GCC_WARN_UNDECLARED_SELECTOR = YES;
				GCC_WARN_UNINITIALIZED_AUTOS = YES_AGGRESSIVE;
				GCC_WARN_UNUSED_FUNCTION = YES;
				GCC_WARN_UNUSED_VARIABLE = YES;
				IPHONEOS_DEPLOYMENT_TARGET = 11.2;
				MTL_ENABLE_DEBUG_INFO = YES;
				ONLY_ACTIVE_ARCH = YES;
				SDKROOT = iphoneos;
			};
			name = Debug;
		};
		18C3283E20070C5800A20761 /* Release */ = {
			isa = XCBuildConfiguration;
			buildSettings = {
				ALWAYS_SEARCH_USER_PATHS = NO;
				CLANG_ANALYZER_NONNULL = YES;
				CLANG_ANALYZER_NUMBER_OBJECT_CONVERSION = YES_AGGRESSIVE;
				CLANG_CXX_LANGUAGE_STANDARD = "gnu++14";
				CLANG_CXX_LIBRARY = "libc++";
				CLANG_ENABLE_MODULES = YES;
				CLANG_ENABLE_OBJC_ARC = YES;
				CLANG_WARN_BLOCK_CAPTURE_AUTORELEASING = YES;
				CLANG_WARN_BOOL_CONVERSION = YES;
				CLANG_WARN_COMMA = YES;
				CLANG_WARN_CONSTANT_CONVERSION = YES;
				CLANG_WARN_DIRECT_OBJC_ISA_USAGE = YES_ERROR;
				CLANG_WARN_DOCUMENTATION_COMMENTS = YES;
				CLANG_WARN_EMPTY_BODY = YES;
				CLANG_WARN_ENUM_CONVERSION = YES;
				CLANG_WARN_INFINITE_RECURSION = YES;
				CLANG_WARN_INT_CONVERSION = YES;
				CLANG_WARN_NON_LITERAL_NULL_CONVERSION = YES;
				CLANG_WARN_OBJC_LITERAL_CONVERSION = YES;
				CLANG_WARN_OBJC_ROOT_CLASS = YES_ERROR;
				CLANG_WARN_RANGE_LOOP_ANALYSIS = YES;
				CLANG_WARN_STRICT_PROTOTYPES = YES;
				CLANG_WARN_SUSPICIOUS_MOVE = YES;
				CLANG_WARN_UNGUARDED_AVAILABILITY = YES_AGGRESSIVE;
				CLANG_WARN_UNREACHABLE_CODE = YES;
				CLANG_WARN__DUPLICATE_METHOD_MATCH = YES;
				CODE_SIGN_IDENTITY = "iPhone Developer";
				COPY_PHASE_STRIP = NO;
				DEBUG_INFORMATION_FORMAT = "dwarf-with-dsym";
				ENABLE_NS_ASSERTIONS = NO;
				ENABLE_STRICT_OBJC_MSGSEND = YES;
				GCC_C_LANGUAGE_STANDARD = gnu11;
				GCC_NO_COMMON_BLOCKS = YES;
				GCC_WARN_64_TO_32_BIT_CONVERSION = YES;
				GCC_WARN_ABOUT_RETURN_TYPE = YES_ERROR;
				GCC_WARN_UNDECLARED_SELECTOR = YES;
				GCC_WARN_UNINITIALIZED_AUTOS = YES_AGGRESSIVE;
				GCC_WARN_UNUSED_FUNCTION = YES;
				GCC_WARN_UNUSED_VARIABLE = YES;
				IPHONEOS_DEPLOYMENT_TARGET = 11.2;
				MTL_ENABLE_DEBUG_INFO = NO;
				SDKROOT = iphoneos;
				VALIDATE_PRODUCT = YES;
			};
			name = Release;
		};
		18C3284020070C5800A20761 /* Debug */ = {
			isa = XCBuildConfiguration;
			buildSettings = {
				ASSETCATALOG_COMPILER_APPICON_NAME = AppIcon;
				CODE_SIGN_STYLE = Automatic;
				DEVELOPMENT_TEAM = H5PY75XDDR;
				INFOPLIST_FILE = navBarTest/Info.plist;
				LD_RUNPATH_SEARCH_PATHS = "$(inherited) @executable_path/Frameworks";
				PRODUCT_BUNDLE_IDENTIFIER = com.sawyer.navBarTest;
				PRODUCT_NAME = "$(TARGET_NAME)";
				TARGETED_DEVICE_FAMILY = "1,2";
			};
			name = Debug;
		};
		18C3284120070C5800A20761 /* Release */ = {
			isa = XCBuildConfiguration;
			buildSettings = {
				ASSETCATALOG_COMPILER_APPICON_NAME = AppIcon;
				CODE_SIGN_STYLE = Automatic;
				DEVELOPMENT_TEAM = H5PY75XDDR;
				INFOPLIST_FILE = navBarTest/Info.plist;
				LD_RUNPATH_SEARCH_PATHS = "$(inherited) @executable_path/Frameworks";
				PRODUCT_BUNDLE_IDENTIFIER = com.sawyer.navBarTest;
				PRODUCT_NAME = "$(TARGET_NAME)";
				TARGETED_DEVICE_FAMILY = "1,2";
			};
			name = Release;
		};
		18C3284320070C5800A20761 /* Debug */ = {
			isa = XCBuildConfiguration;
			buildSettings = {
				BUNDLE_LOADER = "$(TEST_HOST)";
				CODE_SIGN_STYLE = Automatic;
				DEVELOPMENT_TEAM = H5PY75XDDR;
				INFOPLIST_FILE = navBarTestTests/Info.plist;
				LD_RUNPATH_SEARCH_PATHS = "$(inherited) @executable_path/Frameworks @loader_path/Frameworks";
				PRODUCT_BUNDLE_IDENTIFIER = com.sawyer.navBarTestTests;
				PRODUCT_NAME = "$(TARGET_NAME)";
				TARGETED_DEVICE_FAMILY = "1,2";
				TEST_HOST = "$(BUILT_PRODUCTS_DIR)/navBarTest.app/navBarTest";
			};
			name = Debug;
		};
		18C3284420070C5800A20761 /* Release */ = {
			isa = XCBuildConfiguration;
			buildSettings = {
				BUNDLE_LOADER = "$(TEST_HOST)";
				CODE_SIGN_STYLE = Automatic;
				DEVELOPMENT_TEAM = H5PY75XDDR;
				INFOPLIST_FILE = navBarTestTests/Info.plist;
				LD_RUNPATH_SEARCH_PATHS = "$(inherited) @executable_path/Frameworks @loader_path/Frameworks";
				PRODUCT_BUNDLE_IDENTIFIER = com.sawyer.navBarTestTests;
				PRODUCT_NAME = "$(TARGET_NAME)";
				TARGETED_DEVICE_FAMILY = "1,2";
				TEST_HOST = "$(BUILT_PRODUCTS_DIR)/navBarTest.app/navBarTest";
			};
			name = Release;
		};
		18C3284620070C5800A20761 /* Debug */ = {
			isa = XCBuildConfiguration;
			buildSettings = {
				CODE_SIGN_STYLE = Automatic;
				DEVELOPMENT_TEAM = H5PY75XDDR;
				INFOPLIST_FILE = navBarTestUITests/Info.plist;
				LD_RUNPATH_SEARCH_PATHS = "$(inherited) @executable_path/Frameworks @loader_path/Frameworks";
				PRODUCT_BUNDLE_IDENTIFIER = com.sawyer.navBarTestUITests;
				PRODUCT_NAME = "$(TARGET_NAME)";
				TARGETED_DEVICE_FAMILY = "1,2";
				TEST_TARGET_NAME = navBarTest;
			};
			name = Debug;
		};
		18C3284720070C5800A20761 /* Release */ = {
			isa = XCBuildConfiguration;
			buildSettings = {
				CODE_SIGN_STYLE = Automatic;
				DEVELOPMENT_TEAM = H5PY75XDDR;
				INFOPLIST_FILE = navBarTestUITests/Info.plist;
				LD_RUNPATH_SEARCH_PATHS = "$(inherited) @executable_path/Frameworks @loader_path/Frameworks";
				PRODUCT_BUNDLE_IDENTIFIER = com.sawyer.navBarTestUITests;
				PRODUCT_NAME = "$(TARGET_NAME)";
				TARGETED_DEVICE_FAMILY = "1,2";
				TEST_TARGET_NAME = navBarTest;
			};
			name = Release;
		};
/* End XCBuildConfiguration section */

/* Begin XCConfigurationList section */
		18C3280E20070C5800A20761 /* Build configuration list for PBXProject "navBarTest" */ = {
			isa = XCConfigurationList;
			buildConfigurations = (
				18C3283D20070C5800A20761 /* Debug */,
				18C3283E20070C5800A20761 /* Release */,
			);
			defaultConfigurationIsVisible = 0;
			defaultConfigurationName = Release;
		};
		18C3283F20070C5800A20761 /* Build configuration list for PBXNativeTarget "navBarTest" */ = {
			isa = XCConfigurationList;
			buildConfigurations = (
				18C3284020070C5800A20761 /* Debug */,
				18C3284120070C5800A20761 /* Release */,
			);
			defaultConfigurationIsVisible = 0;
			defaultConfigurationName = Release;
		};
		18C3284220070C5800A20761 /* Build configuration list for PBXNativeTarget "navBarTestTests" */ = {
			isa = XCConfigurationList;
			buildConfigurations = (
				18C3284320070C5800A20761 /* Debug */,
				18C3284420070C5800A20761 /* Release */,
			);
			defaultConfigurationIsVisible = 0;
			defaultConfigurationName = Release;
		};
		18C3284520070C5800A20761 /* Build configuration list for PBXNativeTarget "navBarTestUITests" */ = {
			isa = XCConfigurationList;
			buildConfigurations = (
				18C3284620070C5800A20761 /* Debug */,
				18C3284720070C5800A20761 /* Release */,
			);
			defaultConfigurationIsVisible = 0;
			defaultConfigurationName = Release;
		};
/* End XCConfigurationList section */
	};
	rootObject = 18C3280B20070C5800A20761 /* Project object */;
}
